// !$*UTF8*$!
{
	archiveVersion = 1;
	classes = {
	};
	objectVersion = 46;
	objects = {

/* Begin PBXBuildFile section */
		D6D4C3BF7B0EC9D1EFA97461 /* Foundation.framework in Frameworks */ = {isa = PBXBuildFile; fileRef = CA4A8153EDDB826B3E9A4C19 /* Foundation.framework */; };
		F61D18BC1AA32493004FD77D /* AppDelegate.swift in Sources */ = {isa = PBXBuildFile; fileRef = F61D18A01AA32493004FD77D /* AppDelegate.swift */; };
		F61D18BD1AA32493004FD77D /* ApplicationController.swift in Sources */ = {isa = PBXBuildFile; fileRef = F61D18A11AA32493004FD77D /* ApplicationController.swift */; };
		F61D18BE1AA32493004FD77D /* DetailViewController.swift in Sources */ = {isa = PBXBuildFile; fileRef = F61D18A21AA32493004FD77D /* DetailViewController.swift */; };
		F61D18C41AA32493004FD77D /* Images-iOS.xcassets in Resources */ = {isa = PBXBuildFile; fileRef = F61D18AC1AA32493004FD77D /* Images-iOS.xcassets */; };
		F61D18C61AA32493004FD77D /* LaunchScreen.xib in Resources */ = {isa = PBXBuildFile; fileRef = F61D18AF1AA32493004FD77D /* LaunchScreen.xib */; };
		F61D18CA1AA32493004FD77D /* Main.storyboard in Resources */ = {isa = PBXBuildFile; fileRef = F61D18B61AA32493004FD77D /* Main.storyboard */; };
		F61D18D21AA32505004FD77D /* Task.swift in Sources */ = {isa = PBXBuildFile; fileRef = F61D18CF1AA32505004FD77D /* Task.swift */; };
		F61D18D31AA32505004FD77D /* Task.swift in Sources */ = {isa = PBXBuildFile; fileRef = F61D18CF1AA32505004FD77D /* Task.swift */; };
		F61D18EF1AA32A8A004FD77D /* AppDelegate.swift in Sources */ = {isa = PBXBuildFile; fileRef = F61D18DB1AA32A8A004FD77D /* AppDelegate.swift */; };
		F61D18F01AA32A8A004FD77D /* ViewController.swift in Sources */ = {isa = PBXBuildFile; fileRef = F61D18DC1AA32A8A004FD77D /* ViewController.swift */; };
		F61D18F41AA32A8A004FD77D /* Images-OSX.xcassets in Resources */ = {isa = PBXBuildFile; fileRef = F61D18E31AA32A8A004FD77D /* Images-OSX.xcassets */; };
		F61D18F91AA32A8A004FD77D /* Main.storyboard in Resources */ = {isa = PBXBuildFile; fileRef = F61D18EB1AA32A8A004FD77D /* Main.storyboard */; };
		F61D19111AA32F9D004FD77D /* SystemConfiguration.framework in Frameworks */ = {isa = PBXBuildFile; fileRef = F61D190F1AA32F96004FD77D /* SystemConfiguration.framework */; };
		F61D191B1AA3337B004FD77D /* CFNetwork.framework in Frameworks */ = {isa = PBXBuildFile; fileRef = F61D191A1AA3337B004FD77D /* CFNetwork.framework */; };
		F61D191D1AA3338A004FD77D /* Security.framework in Frameworks */ = {isa = PBXBuildFile; fileRef = F61D191C1AA3338A004FD77D /* Security.framework */; };
		F61D191F1AA3339D004FD77D /* libsqlite3.dylib in Frameworks */ = {isa = PBXBuildFile; fileRef = F61D191E1AA3339D004FD77D /* libsqlite3.dylib */; };
		F61D19AF1AA33D4E004FD77D /* CouchbaseLite.framework in Frameworks */ = {isa = PBXBuildFile; fileRef = F61D19821AA33A16004FD77D /* CouchbaseLite.framework */; };
		F61D19B01AA33D69004FD77D /* libz.dylib in Frameworks */ = {isa = PBXBuildFile; fileRef = F61D19201AA333AC004FD77D /* libz.dylib */; };
		F61D19B71AA3490A004FD77D /* CouchbaseLite.framework in Frameworks */ = {isa = PBXBuildFile; fileRef = F61D19821AA33A16004FD77D /* CouchbaseLite.framework */; };
		F61D19BF1AA3C17E004FD77D /* MultipeerConnectivity.framework in Frameworks */ = {isa = PBXBuildFile; fileRef = F61D19BE1AA3C17E004FD77D /* MultipeerConnectivity.framework */; };
		F61D19C11AA3C199004FD77D /* MultipeerConnectivity.framework in Frameworks */ = {isa = PBXBuildFile; fileRef = F61D19C01AA3C199004FD77D /* MultipeerConnectivity.framework */; };
		F61D19C71AA3C23F004FD77D /* PeerConnect.swift in Sources */ = {isa = PBXBuildFile; fileRef = F61D19C61AA3C23F004FD77D /* PeerConnect.swift */; };
		F61D19C81AA3C23F004FD77D /* PeerConnect.swift in Sources */ = {isa = PBXBuildFile; fileRef = F61D19C61AA3C23F004FD77D /* PeerConnect.swift */; };
/* End PBXBuildFile section */

/* Begin PBXContainerItemProxy section */
		F61D19811AA33A16004FD77D /* PBXContainerItemProxy */ = {
			isa = PBXContainerItemProxy;
			containerPortal = F61D196B1AA33A15004FD77D /* CouchbaseLite.xcodeproj */;
			proxyType = 2;
			remoteGlobalIDString = 270B3DEA1489359000E0A926;
			remoteInfo = "CBL Mac";
		};
		F61D19831AA33A16004FD77D /* PBXContainerItemProxy */ = {
			isa = PBXContainerItemProxy;
			containerPortal = F61D196B1AA33A15004FD77D /* CouchbaseLite.xcodeproj */;
			proxyType = 2;
			remoteGlobalIDString = 27B0B7E71492BB6B00A817AD;
			remoteInfo = "CBL iOS";
		};
		F61D19851AA33A16004FD77D /* PBXContainerItemProxy */ = {
			isa = PBXContainerItemProxy;
			containerPortal = F61D196B1AA33A15004FD77D /* CouchbaseLite.xcodeproj */;
			proxyType = 2;
			remoteGlobalIDString = 27B0B7A91492B83B00A817AD;
			remoteInfo = "CBL iOS library";
		};
		F61D19871AA33A16004FD77D /* PBXContainerItemProxy */ = {
			isa = PBXContainerItemProxy;
			containerPortal = F61D196B1AA33A15004FD77D /* CouchbaseLite.xcodeproj */;
			proxyType = 2;
			remoteGlobalIDString = 27C70694148864BA00F0F099;
			remoteInfo = "CBL Mac Test App";
		};
		F61D19891AA33A16004FD77D /* PBXContainerItemProxy */ = {
			isa = PBXContainerItemProxy;
			containerPortal = F61D196B1AA33A15004FD77D /* CouchbaseLite.xcodeproj */;
			proxyType = 2;
			remoteGlobalIDString = 27B0B80B1492C16300A817AD;
			remoteInfo = "CBL iOS Test App";
		};
		F61D198B1AA33A16004FD77D /* PBXContainerItemProxy */ = {
			isa = PBXContainerItemProxy;
			containerPortal = F61D196B1AA33A15004FD77D /* CouchbaseLite.xcodeproj */;
			proxyType = 2;
			remoteGlobalIDString = 27731F2A1495CFEF00815D67;
			remoteInfo = "CBL iOS Empty App";
		};
		F61D198D1AA33A16004FD77D /* PBXContainerItemProxy */ = {
			isa = PBXContainerItemProxy;
			containerPortal = F61D196B1AA33A15004FD77D /* CouchbaseLite.xcodeproj */;
			proxyType = 2;
			remoteGlobalIDString = 275315D514ACF0A10065964D;
			remoteInfo = "CBL Listener Mac";
		};
		F61D198F1AA33A16004FD77D /* PBXContainerItemProxy */ = {
			isa = PBXContainerItemProxy;
			containerPortal = F61D196B1AA33A15004FD77D /* CouchbaseLite.xcodeproj */;
			proxyType = 2;
			remoteGlobalIDString = DA147C3614BCAC3B0052DA4D;
			remoteInfo = "CBL Listener iOS";
		};
		F61D19911AA33A16004FD77D /* PBXContainerItemProxy */ = {
			isa = PBXContainerItemProxy;
			containerPortal = F61D196B1AA33A15004FD77D /* CouchbaseLite.xcodeproj */;
			proxyType = 2;
			remoteGlobalIDString = DA023B6414BCA94C008184BB;
			remoteInfo = "Listener iOS Library";
		};
		F61D19931AA33A16004FD77D /* PBXContainerItemProxy */ = {
			isa = PBXContainerItemProxy;
			containerPortal = F61D196B1AA33A15004FD77D /* CouchbaseLite.xcodeproj */;
			proxyType = 2;
			remoteGlobalIDString = 270FE0C814C5008C005FF647;
			remoteInfo = LiteServ;
		};
		F61D19951AA33A16004FD77D /* PBXContainerItemProxy */ = {
			isa = PBXContainerItemProxy;
			containerPortal = F61D196B1AA33A15004FD77D /* CouchbaseLite.xcodeproj */;
			proxyType = 2;
			remoteGlobalIDString = 27538F5017F13B03004C3BFD;
			remoteInfo = "LiteServ App";
		};
		F61D19971AA33A16004FD77D /* PBXContainerItemProxy */ = {
			isa = PBXContainerItemProxy;
			containerPortal = F61D196B1AA33A15004FD77D /* CouchbaseLite.xcodeproj */;
			proxyType = 2;
			remoteGlobalIDString = 792867BF178DE01900248AF0;
			remoteInfo = CBLJSViewCompiler;
		};
		F61D19991AA33A16004FD77D /* PBXContainerItemProxy */ = {
			isa = PBXContainerItemProxy;
			containerPortal = F61D196B1AA33A15004FD77D /* CouchbaseLite.xcodeproj */;
			proxyType = 2;
			remoteGlobalIDString = 2700358B1A44E9270015B9F4;
			remoteInfo = "CBL iOS Unit Tests";
		};
		F61D199B1AA33A16004FD77D /* PBXContainerItemProxy */ = {
			isa = PBXContainerItemProxy;
			containerPortal = F61D196B1AA33A15004FD77D /* CouchbaseLite.xcodeproj */;
			proxyType = 2;
			remoteGlobalIDString = 272AA83F1A48D835004B8D55;
			remoteInfo = "CBL Mac Unit Tests";
		};
		F61D199D1AA33A16004FD77D /* PBXContainerItemProxy */ = {
			isa = PBXContainerItemProxy;
			containerPortal = F61D196B1AA33A15004FD77D /* CouchbaseLite.xcodeproj */;
			proxyType = 2;
			remoteGlobalIDString = 27E66ACF1A7305B10091DA3F;
			remoteInfo = "CBL SQLite Storage";
		};
		F61D199F1AA33A16004FD77D /* PBXContainerItemProxy */ = {
			isa = PBXContainerItemProxy;
			containerPortal = F61D196B1AA33A15004FD77D /* CouchbaseLite.xcodeproj */;
			proxyType = 2;
			remoteGlobalIDString = 27E66B431A7307590091DA3F;
			remoteInfo = "CBL ForestDB Storage";
		};
		F61D19AD1AA33D47004FD77D /* PBXContainerItemProxy */ = {
			isa = PBXContainerItemProxy;
			containerPortal = F61D196B1AA33A15004FD77D /* CouchbaseLite.xcodeproj */;
			proxyType = 1;
			remoteGlobalIDString = 27B0B7E61492BB6B00A817AD;
			remoteInfo = "CBL iOS";
		};
		F61D19B81AA3490F004FD77D /* PBXContainerItemProxy */ = {
			isa = PBXContainerItemProxy;
			containerPortal = F61D196B1AA33A15004FD77D /* CouchbaseLite.xcodeproj */;
			proxyType = 1;
			remoteGlobalIDString = 270B3DE91489359000E0A926;
			remoteInfo = "CBL Mac";
		};
/* End PBXContainerItemProxy section */

/* Begin PBXCopyFilesBuildPhase section */
		F61D19221AA33467004FD77D /* CopyFiles */ = {
			isa = PBXCopyFilesBuildPhase;
			buildActionMask = 2147483647;
			dstPath = "";
			dstSubfolderSpec = 10;
			files = (
			);
			runOnlyForDeploymentPostprocessing = 0;
		};
/* End PBXCopyFilesBuildPhase section */

/* Begin PBXFileReference section */
		1C3AD52ED47987DDA30A0679 /* Pods-unit_tests.debug.xcconfig */ = {isa = PBXFileReference; includeInIndex = 1; lastKnownFileType = text.xcconfig; name = "Pods-unit_tests.debug.xcconfig"; path = "Pods/Target Support Files/Pods-unit_tests/Pods-unit_tests.debug.xcconfig"; sourceTree = "<group>"; };
		41FAB09164A4177061FD39A1 /* Pods.debug.xcconfig */ = {isa = PBXFileReference; includeInIndex = 1; lastKnownFileType = text.xcconfig; name = Pods.debug.xcconfig; path = "Pods/Target Support Files/Pods/Pods.debug.xcconfig"; sourceTree = "<group>"; };
		9FA3A6B2AFF40CD2CC58085E /* Allan iOS.app */ = {isa = PBXFileReference; explicitFileType = wrapper.application; includeInIndex = 0; path = "Allan iOS.app"; sourceTree = BUILT_PRODUCTS_DIR; };
		A0465D00C499CA4AB1BCB077 /* Pods-unit_tests.release.xcconfig */ = {isa = PBXFileReference; includeInIndex = 1; lastKnownFileType = text.xcconfig; name = "Pods-unit_tests.release.xcconfig"; path = "Pods/Target Support Files/Pods-unit_tests/Pods-unit_tests.release.xcconfig"; sourceTree = "<group>"; };
		CA4A8153EDDB826B3E9A4C19 /* Foundation.framework */ = {isa = PBXFileReference; lastKnownFileType = wrapper.framework; name = Foundation.framework; path = Platforms/iPhoneOS.platform/Developer/SDKs/iPhoneOS7.1.sdk/System/Library/Frameworks/Foundation.framework; sourceTree = DEVELOPER_DIR; };
		D0FDA102DCBD8B0011491490 /* Pods.release.xcconfig */ = {isa = PBXFileReference; includeInIndex = 1; lastKnownFileType = text.xcconfig; name = Pods.release.xcconfig; path = "Pods/Target Support Files/Pods/Pods.release.xcconfig"; sourceTree = "<group>"; };
		F61D187F1AA32044004FD77D /* Allan OSX.app */ = {isa = PBXFileReference; explicitFileType = wrapper.application; includeInIndex = 0; path = "Allan OSX.app"; sourceTree = BUILT_PRODUCTS_DIR; };
		F61D18A01AA32493004FD77D /* AppDelegate.swift */ = {isa = PBXFileReference; fileEncoding = 4; lastKnownFileType = sourcecode.swift; path = AppDelegate.swift; sourceTree = "<group>"; };
		F61D18A11AA32493004FD77D /* ApplicationController.swift */ = {isa = PBXFileReference; fileEncoding = 4; lastKnownFileType = sourcecode.swift; path = ApplicationController.swift; sourceTree = "<group>"; };
		F61D18A21AA32493004FD77D /* DetailViewController.swift */ = {isa = PBXFileReference; fileEncoding = 4; lastKnownFileType = sourcecode.swift; path = DetailViewController.swift; sourceTree = "<group>"; };
		F61D18AC1AA32493004FD77D /* Images-iOS.xcassets */ = {isa = PBXFileReference; lastKnownFileType = folder.assetcatalog; path = "Images-iOS.xcassets"; sourceTree = "<group>"; };
		F61D18AF1AA32493004FD77D /* LaunchScreen.xib */ = {isa = PBXFileReference; fileEncoding = 4; lastKnownFileType = file.xib; path = LaunchScreen.xib; sourceTree = "<group>"; };
		F61D18B31AA32493004FD77D /* Info.plist */ = {isa = PBXFileReference; fileEncoding = 4; lastKnownFileType = text.plist.xml; path = Info.plist; sourceTree = "<group>"; };
		F61D18B61AA32493004FD77D /* Main.storyboard */ = {isa = PBXFileReference; fileEncoding = 4; lastKnownFileType = file.storyboard; path = Main.storyboard; sourceTree = "<group>"; };
		F61D18CF1AA32505004FD77D /* Task.swift */ = {isa = PBXFileReference; fileEncoding = 4; lastKnownFileType = sourcecode.swift; path = Task.swift; sourceTree = "<group>"; };
		F61D18DB1AA32A8A004FD77D /* AppDelegate.swift */ = {isa = PBXFileReference; fileEncoding = 4; lastKnownFileType = sourcecode.swift; path = AppDelegate.swift; sourceTree = "<group>"; };
		F61D18DC1AA32A8A004FD77D /* ViewController.swift */ = {isa = PBXFileReference; fileEncoding = 4; lastKnownFileType = sourcecode.swift; path = ViewController.swift; sourceTree = "<group>"; };
		F61D18E31AA32A8A004FD77D /* Images-OSX.xcassets */ = {isa = PBXFileReference; lastKnownFileType = folder.assetcatalog; path = "Images-OSX.xcassets"; sourceTree = "<group>"; };
		F61D18E81AA32A8A004FD77D /* Info.plist */ = {isa = PBXFileReference; fileEncoding = 4; lastKnownFileType = text.plist.xml; path = Info.plist; sourceTree = "<group>"; };
		F61D18EB1AA32A8A004FD77D /* Main.storyboard */ = {isa = PBXFileReference; fileEncoding = 4; lastKnownFileType = file.storyboard; path = Main.storyboard; sourceTree = "<group>"; };
		F61D190F1AA32F96004FD77D /* SystemConfiguration.framework */ = {isa = PBXFileReference; lastKnownFileType = wrapper.framework; name = SystemConfiguration.framework; path = System/Library/Frameworks/SystemConfiguration.framework; sourceTree = SDKROOT; };
		F61D19121AA3303F004FD77D /* Allan-Bridging-Header.h */ = {isa = PBXFileReference; lastKnownFileType = sourcecode.c.h; path = "Allan-Bridging-Header.h"; sourceTree = "<group>"; };
		F61D19131AA33045004FD77D /* Allan-Bridging-Header.h */ = {isa = PBXFileReference; lastKnownFileType = sourcecode.c.h; path = "Allan-Bridging-Header.h"; sourceTree = "<group>"; };
		F61D191A1AA3337B004FD77D /* CFNetwork.framework */ = {isa = PBXFileReference; lastKnownFileType = wrapper.framework; name = CFNetwork.framework; path = System/Library/Frameworks/CFNetwork.framework; sourceTree = SDKROOT; };
		F61D191C1AA3338A004FD77D /* Security.framework */ = {isa = PBXFileReference; lastKnownFileType = wrapper.framework; name = Security.framework; path = System/Library/Frameworks/Security.framework; sourceTree = SDKROOT; };
		F61D191E1AA3339D004FD77D /* libsqlite3.dylib */ = {isa = PBXFileReference; lastKnownFileType = "compiled.mach-o.dylib"; name = libsqlite3.dylib; path = usr/lib/libsqlite3.dylib; sourceTree = SDKROOT; };
		F61D19201AA333AC004FD77D /* libz.dylib */ = {isa = PBXFileReference; lastKnownFileType = "compiled.mach-o.dylib"; name = libz.dylib; path = usr/lib/libz.dylib; sourceTree = SDKROOT; };
		F61D196B1AA33A15004FD77D /* CouchbaseLite.xcodeproj */ = {isa = PBXFileReference; lastKnownFileType = "wrapper.pb-project"; name = CouchbaseLite.xcodeproj; path = "couchbase-lite-ios/CouchbaseLite.xcodeproj"; sourceTree = "<group>"; };
		F61D19BE1AA3C17E004FD77D /* MultipeerConnectivity.framework */ = {isa = PBXFileReference; lastKnownFileType = wrapper.framework; name = MultipeerConnectivity.framework; path = Platforms/MacOSX.platform/Developer/SDKs/MacOSX10.10.sdk/System/Library/Frameworks/MultipeerConnectivity.framework; sourceTree = DEVELOPER_DIR; };
		F61D19C01AA3C199004FD77D /* MultipeerConnectivity.framework */ = {isa = PBXFileReference; lastKnownFileType = wrapper.framework; name = MultipeerConnectivity.framework; path = System/Library/Frameworks/MultipeerConnectivity.framework; sourceTree = SDKROOT; };
		F61D19C61AA3C23F004FD77D /* PeerConnect.swift */ = {isa = PBXFileReference; fileEncoding = 4; lastKnownFileType = sourcecode.swift; path = PeerConnect.swift; sourceTree = "<group>"; };
/* End PBXFileReference section */

/* Begin PBXFrameworksBuildPhase section */
		8542F030A1F34CC26AC1C807 /* Frameworks */ = {
			isa = PBXFrameworksBuildPhase;
			buildActionMask = 2147483647;
			files = (
				F61D19C11AA3C199004FD77D /* MultipeerConnectivity.framework in Frameworks */,
				F61D19B01AA33D69004FD77D /* libz.dylib in Frameworks */,
				F61D19AF1AA33D4E004FD77D /* CouchbaseLite.framework in Frameworks */,
				F61D191F1AA3339D004FD77D /* libsqlite3.dylib in Frameworks */,
				F61D191D1AA3338A004FD77D /* Security.framework in Frameworks */,
				F61D191B1AA3337B004FD77D /* CFNetwork.framework in Frameworks */,
				F61D19111AA32F9D004FD77D /* SystemConfiguration.framework in Frameworks */,
				D6D4C3BF7B0EC9D1EFA97461 /* Foundation.framework in Frameworks */,
			);
			runOnlyForDeploymentPostprocessing = 0;
		};
		F61D187C1AA32044004FD77D /* Frameworks */ = {
			isa = PBXFrameworksBuildPhase;
			buildActionMask = 2147483647;
			files = (
				F61D19BF1AA3C17E004FD77D /* MultipeerConnectivity.framework in Frameworks */,
				F61D19B71AA3490A004FD77D /* CouchbaseLite.framework in Frameworks */,
			);
			runOnlyForDeploymentPostprocessing = 0;
		};
/* End PBXFrameworksBuildPhase section */

/* Begin PBXGroup section */
		1624CDB1BE07B2B8E15A2339 /* Products */ = {
			isa = PBXGroup;
			children = (
				9FA3A6B2AFF40CD2CC58085E /* Allan iOS.app */,
				F61D187F1AA32044004FD77D /* Allan OSX.app */,
			);
			name = Products;
			sourceTree = "<group>";
		};
		3952CA4975198D043B4D2582 /* Frameworks */ = {
			isa = PBXGroup;
			children = (
				F61D19BD1AA3C150004FD77D /* OSX */,
				B04BA629A5BB0B8BD66EFE32 /* iOS */,
			);
			name = Frameworks;
			sourceTree = "<group>";
		};
		671163CF1D2FDE455D761F04 = {
			isa = PBXGroup;
			children = (
				F61D196B1AA33A15004FD77D /* CouchbaseLite.xcodeproj */,
				B79AD3946E5B1D88827D5BE7 /* Allan */,
				CC3C759F704C71A2D64F6858 /* Allan iOS */,
				F61D18801AA32044004FD77D /* Allan OSX */,
				3952CA4975198D043B4D2582 /* Frameworks */,
				1624CDB1BE07B2B8E15A2339 /* Products */,
				8C0B345CE8E089A3FF3F3B9C /* Pods */,
			);
			indentWidth = 4;
			sourceTree = "<group>";
			tabWidth = 4;
			usesTabs = 0;
		};
		8C0B345CE8E089A3FF3F3B9C /* Pods */ = {
			isa = PBXGroup;
			children = (
				A0465D00C499CA4AB1BCB077 /* Pods-unit_tests.release.xcconfig */,
				1C3AD52ED47987DDA30A0679 /* Pods-unit_tests.debug.xcconfig */,
				D0FDA102DCBD8B0011491490 /* Pods.release.xcconfig */,
				41FAB09164A4177061FD39A1 /* Pods.debug.xcconfig */,
			);
			name = Pods;
			sourceTree = "<group>";
		};
		B04BA629A5BB0B8BD66EFE32 /* iOS */ = {
			isa = PBXGroup;
			children = (
				F61D19C01AA3C199004FD77D /* MultipeerConnectivity.framework */,
				F61D19201AA333AC004FD77D /* libz.dylib */,
				F61D191E1AA3339D004FD77D /* libsqlite3.dylib */,
				F61D191C1AA3338A004FD77D /* Security.framework */,
				F61D191A1AA3337B004FD77D /* CFNetwork.framework */,
				F61D190F1AA32F96004FD77D /* SystemConfiguration.framework */,
				CA4A8153EDDB826B3E9A4C19 /* Foundation.framework */,
			);
			name = iOS;
			sourceTree = "<group>";
		};
		B79AD3946E5B1D88827D5BE7 /* Allan */ = {
			isa = PBXGroup;
			children = (
				F61D19C21AA3C20D004FD77D /* Controllers */,
				F61D18FD1AA32C5C004FD77D /* ViewModels */,
				F61D18CD1AA32505004FD77D /* Models */,
			);
			path = Allan;
			sourceTree = "<group>";
		};
		CC3C759F704C71A2D64F6858 /* Allan iOS */ = {
			isa = PBXGroup;
			children = (
				F61D189E1AA32493004FD77D /* Controllers */,
				F61D18A31AA32493004FD77D /* Extensions */,
				F61D18A81AA32493004FD77D /* Protocols */,
				F61D18AA1AA32493004FD77D /* Resources */,
				F61D18B91AA32493004FD77D /* Views */,
			);
			path = "Allan iOS";
			sourceTree = "<group>";
		};
		F61D18801AA32044004FD77D /* Allan OSX */ = {
			isa = PBXGroup;
			children = (
				F61D18D91AA32A8A004FD77D /* Controllers */,
				F61D19BA1AA34A8E004FD77D /* Extensions */,
				F61D18DF1AA32A8A004FD77D /* Protocols */,
				F61D18E11AA32A8A004FD77D /* Resources */,
				F61D18EC1AA32A8A004FD77D /* Views */,
			);
			path = "Allan OSX";
			sourceTree = "<group>";
		};
		F61D189E1AA32493004FD77D /* Controllers */ = {
			isa = PBXGroup;
			children = (
				F61D18A01AA32493004FD77D /* AppDelegate.swift */,
				F61D18A11AA32493004FD77D /* ApplicationController.swift */,
				F61D18A21AA32493004FD77D /* DetailViewController.swift */,
			);
			path = Controllers;
			sourceTree = "<group>";
		};
		F61D18A31AA32493004FD77D /* Extensions */ = {
			isa = PBXGroup;
			children = (
			);
			path = Extensions;
			sourceTree = "<group>";
		};
		F61D18A81AA32493004FD77D /* Protocols */ = {
			isa = PBXGroup;
			children = (
			);
			path = Protocols;
			sourceTree = "<group>";
		};
		F61D18AA1AA32493004FD77D /* Resources */ = {
			isa = PBXGroup;
			children = (
				F61D18AC1AA32493004FD77D /* Images-iOS.xcassets */,
				F61D18AD1AA32493004FD77D /* Nibs */,
				F61D18B01AA32493004FD77D /* Other-Sources */,
				F61D18B41AA32493004FD77D /* Storyboards */,
			);
			path = Resources;
			sourceTree = "<group>";
		};
		F61D18AD1AA32493004FD77D /* Nibs */ = {
			isa = PBXGroup;
			children = (
				F61D18AF1AA32493004FD77D /* LaunchScreen.xib */,
			);
			path = Nibs;
			sourceTree = "<group>";
		};
		F61D18B01AA32493004FD77D /* Other-Sources */ = {
			isa = PBXGroup;
			children = (
				F61D19121AA3303F004FD77D /* Allan-Bridging-Header.h */,
				F61D18B31AA32493004FD77D /* Info.plist */,
			);
			path = "Other-Sources";
			sourceTree = "<group>";
		};
		F61D18B41AA32493004FD77D /* Storyboards */ = {
			isa = PBXGroup;
			children = (
				F61D18B61AA32493004FD77D /* Main.storyboard */,
			);
			path = Storyboards;
			sourceTree = "<group>";
		};
		F61D18B91AA32493004FD77D /* Views */ = {
			isa = PBXGroup;
			children = (
			);
			path = Views;
			sourceTree = "<group>";
		};
		F61D18CD1AA32505004FD77D /* Models */ = {
			isa = PBXGroup;
			children = (
				F61D18CF1AA32505004FD77D /* Task.swift */,
			);
			path = Models;
			sourceTree = "<group>";
		};
		F61D18D91AA32A8A004FD77D /* Controllers */ = {
			isa = PBXGroup;
			children = (
				F61D18DB1AA32A8A004FD77D /* AppDelegate.swift */,
				F61D18DC1AA32A8A004FD77D /* ViewController.swift */,
			);
			path = Controllers;
			sourceTree = "<group>";
		};
		F61D18DF1AA32A8A004FD77D /* Protocols */ = {
			isa = PBXGroup;
			children = (
			);
			path = Protocols;
			sourceTree = "<group>";
		};
		F61D18E11AA32A8A004FD77D /* Resources */ = {
			isa = PBXGroup;
			children = (
				F61D18E31AA32A8A004FD77D /* Images-OSX.xcassets */,
				F61D18E41AA32A8A004FD77D /* Nibs */,
				F61D18E61AA32A8A004FD77D /* Other-Sources */,
				F61D18E91AA32A8A004FD77D /* Storyboards */,
			);
			path = Resources;
			sourceTree = "<group>";
		};
		F61D18E41AA32A8A004FD77D /* Nibs */ = {
			isa = PBXGroup;
			children = (
			);
			path = Nibs;
			sourceTree = "<group>";
		};
		F61D18E61AA32A8A004FD77D /* Other-Sources */ = {
			isa = PBXGroup;
			children = (
				F61D19131AA33045004FD77D /* Allan-Bridging-Header.h */,
				F61D18E81AA32A8A004FD77D /* Info.plist */,
			);
			path = "Other-Sources";
			sourceTree = "<group>";
		};
		F61D18E91AA32A8A004FD77D /* Storyboards */ = {
			isa = PBXGroup;
			children = (
				F61D18EB1AA32A8A004FD77D /* Main.storyboard */,
			);
			path = Storyboards;
			sourceTree = "<group>";
		};
		F61D18EC1AA32A8A004FD77D /* Views */ = {
			isa = PBXGroup;
			children = (
			);
			path = Views;
			sourceTree = "<group>";
		};
		F61D18FD1AA32C5C004FD77D /* ViewModels */ = {
			isa = PBXGroup;
			children = (
			);
			name = ViewModels;
			path = Allan/ViewModels;
			sourceTree = SOURCE_ROOT;
		};
		F61D196C1AA33A15004FD77D /* Products */ = {
			isa = PBXGroup;
			children = (
				F61D19821AA33A16004FD77D /* CouchbaseLite.framework */,
				F61D19841AA33A16004FD77D /* CouchbaseLite.framework */,
				F61D19861AA33A16004FD77D /* libCouchbaseLite.a */,
				F61D19881AA33A16004FD77D /* Couchbase Lite Demo.app */,
				F61D198A1AA33A16004FD77D /* CBL Test.app */,
				F61D198C1AA33A16004FD77D /* Couchbase Lite Empty App.app */,
				F61D198E1AA33A16004FD77D /* CouchbaseLiteListener.framework */,
				F61D19901AA33A16004FD77D /* CouchbaseLiteListener.framework */,
				F61D19921AA33A16004FD77D /* libCouchbaseLiteListener.a */,
				F61D19941AA33A16004FD77D /* LiteServ */,
				F61D19961AA33A16004FD77D /* LiteServ.app */,
				F61D19981AA33A16004FD77D /* libCBLJSViewCompiler.a */,
				F61D199A1AA33A16004FD77D /* CBL iOS Unit Tests.xctest */,
				F61D199C1AA33A16004FD77D /* CBL Mac Unit Tests.xctest */,
				F61D199E1AA33A16004FD77D /* libCBLSQLiteStorage.a */,
				F61D19A01AA33A16004FD77D /* libCBLForestDBStorage.a */,
			);
			name = Products;
			sourceTree = "<group>";
		};
		F61D19BA1AA34A8E004FD77D /* Extensions */ = {
			isa = PBXGroup;
			children = (
			);
			name = Extensions;
			path = "Allan OSX/Extensions";
			sourceTree = SOURCE_ROOT;
		};
		F61D19BD1AA3C150004FD77D /* OSX */ = {
			isa = PBXGroup;
			children = (
				F61D19BE1AA3C17E004FD77D /* MultipeerConnectivity.framework */,
			);
			name = OSX;
			sourceTree = "<group>";
		};
		F61D19C21AA3C20D004FD77D /* Controllers */ = {
			isa = PBXGroup;
			children = (
				F61D19C61AA3C23F004FD77D /* PeerConnect.swift */,
			);
			path = Controllers;
			sourceTree = "<group>";
		};
/* End PBXGroup section */

/* Begin PBXNativeTarget section */
		E2DE6DD90BF117BB59900EB8 /* Allan iOS */ = {
			isa = PBXNativeTarget;
			buildConfigurationList = DC8CAAEF2CB84FBBC8ACF0C0 /* Build configuration list for PBXNativeTarget "Allan iOS" */;
			buildPhases = (
				C7CA1EBF90D957F02679BBE0 /* Sources */,
				8542F030A1F34CC26AC1C807 /* Frameworks */,
				33588DDC6BC012423FD39EAB /* Resources */,
			);
			buildRules = (
			);
			dependencies = (
				F61D19AE1AA33D47004FD77D /* PBXTargetDependency */,
			);
			name = "Allan iOS";
			productName = Allan;
			productReference = 9FA3A6B2AFF40CD2CC58085E /* Allan iOS.app */;
			productType = "com.apple.product-type.application";
		};
		F61D187E1AA32044004FD77D /* Allan OSX */ = {
			isa = PBXNativeTarget;
			buildConfigurationList = F61D189C1AA32045004FD77D /* Build configuration list for PBXNativeTarget "Allan OSX" */;
			buildPhases = (
				F61D187B1AA32044004FD77D /* Sources */,
				F61D187C1AA32044004FD77D /* Frameworks */,
				F61D187D1AA32044004FD77D /* Resources */,
				F61D19221AA33467004FD77D /* CopyFiles */,
			);
			buildRules = (
			);
			dependencies = (
				F61D19B91AA3490F004FD77D /* PBXTargetDependency */,
			);
			name = "Allan OSX";
			productName = "Allan OSX";
			productReference = F61D187F1AA32044004FD77D /* Allan OSX.app */;
			productType = "com.apple.product-type.application";
		};
/* End PBXNativeTarget section */

/* Begin PBXProject section */
		95892F6CD7E769AC00F0F0BA /* Project object */ = {
			isa = PBXProject;
			attributes = {
				CLASSPREFIX = "";
				LastUpgradeCheck = 0510;
				ORGANIZATIONNAME = "Threadsafe Studio";
				TargetAttributes = {
					E2DE6DD90BF117BB59900EB8 = {
						DevelopmentTeam = 9MS8BXCML7;
					};
					F61D187E1AA32044004FD77D = {
						CreatedOnToolsVersion = 6.3;
						DevelopmentTeam = 9MS8BXCML7;
					};
				};
			};
			buildConfigurationList = 5DFEE5CEE21EEF821ADF1383 /* Build configuration list for PBXProject "Allan" */;
			compatibilityVersion = "Xcode 3.2";
			developmentRegion = English;
			hasScannedForEncodings = 0;
			knownRegions = (
				en,
				Base,
			);
			mainGroup = 671163CF1D2FDE455D761F04;
			productRefGroup = 1624CDB1BE07B2B8E15A2339 /* Products */;
			projectDirPath = "";
			projectReferences = (
				{
					ProductGroup = F61D196C1AA33A15004FD77D /* Products */;
					ProjectRef = F61D196B1AA33A15004FD77D /* CouchbaseLite.xcodeproj */;
				},
			);
			projectRoot = "";
			targets = (
				E2DE6DD90BF117BB59900EB8 /* Allan iOS */,
				F61D187E1AA32044004FD77D /* Allan OSX */,
			);
		};
/* End PBXProject section */

/* Begin PBXReferenceProxy section */
		F61D19821AA33A16004FD77D /* CouchbaseLite.framework */ = {
			isa = PBXReferenceProxy;
			fileType = wrapper.framework;
			path = CouchbaseLite.framework;
			remoteRef = F61D19811AA33A16004FD77D /* PBXContainerItemProxy */;
			sourceTree = BUILT_PRODUCTS_DIR;
		};
		F61D19841AA33A16004FD77D /* CouchbaseLite.framework */ = {
			isa = PBXReferenceProxy;
			fileType = wrapper.cfbundle;
			path = CouchbaseLite.framework;
			remoteRef = F61D19831AA33A16004FD77D /* PBXContainerItemProxy */;
			sourceTree = BUILT_PRODUCTS_DIR;
		};
		F61D19861AA33A16004FD77D /* libCouchbaseLite.a */ = {
			isa = PBXReferenceProxy;
			fileType = archive.ar;
			path = libCouchbaseLite.a;
			remoteRef = F61D19851AA33A16004FD77D /* PBXContainerItemProxy */;
			sourceTree = BUILT_PRODUCTS_DIR;
		};
		F61D19881AA33A16004FD77D /* Couchbase Lite Demo.app */ = {
			isa = PBXReferenceProxy;
			fileType = wrapper.application;
			path = "Couchbase Lite Demo.app";
			remoteRef = F61D19871AA33A16004FD77D /* PBXContainerItemProxy */;
			sourceTree = BUILT_PRODUCTS_DIR;
		};
		F61D198A1AA33A16004FD77D /* CBL Test.app */ = {
			isa = PBXReferenceProxy;
			fileType = wrapper.application;
			path = "CBL Test.app";
			remoteRef = F61D19891AA33A16004FD77D /* PBXContainerItemProxy */;
			sourceTree = BUILT_PRODUCTS_DIR;
		};
		F61D198C1AA33A16004FD77D /* Couchbase Lite Empty App.app */ = {
			isa = PBXReferenceProxy;
			fileType = wrapper.application;
			path = "Couchbase Lite Empty App.app";
			remoteRef = F61D198B1AA33A16004FD77D /* PBXContainerItemProxy */;
			sourceTree = BUILT_PRODUCTS_DIR;
		};
		F61D198E1AA33A16004FD77D /* CouchbaseLiteListener.framework */ = {
			isa = PBXReferenceProxy;
			fileType = wrapper.framework;
			path = CouchbaseLiteListener.framework;
			remoteRef = F61D198D1AA33A16004FD77D /* PBXContainerItemProxy */;
			sourceTree = BUILT_PRODUCTS_DIR;
		};
		F61D19901AA33A16004FD77D /* CouchbaseLiteListener.framework */ = {
			isa = PBXReferenceProxy;
			fileType = wrapper.cfbundle;
			path = CouchbaseLiteListener.framework;
			remoteRef = F61D198F1AA33A16004FD77D /* PBXContainerItemProxy */;
			sourceTree = BUILT_PRODUCTS_DIR;
		};
		F61D19921AA33A16004FD77D /* libCouchbaseLiteListener.a */ = {
			isa = PBXReferenceProxy;
			fileType = archive.ar;
			path = libCouchbaseLiteListener.a;
			remoteRef = F61D19911AA33A16004FD77D /* PBXContainerItemProxy */;
			sourceTree = BUILT_PRODUCTS_DIR;
		};
		F61D19941AA33A16004FD77D /* LiteServ */ = {
			isa = PBXReferenceProxy;
			fileType = "compiled.mach-o.executable";
			path = LiteServ;
			remoteRef = F61D19931AA33A16004FD77D /* PBXContainerItemProxy */;
			sourceTree = BUILT_PRODUCTS_DIR;
		};
		F61D19961AA33A16004FD77D /* LiteServ.app */ = {
			isa = PBXReferenceProxy;
			fileType = wrapper.application;
			path = LiteServ.app;
			remoteRef = F61D19951AA33A16004FD77D /* PBXContainerItemProxy */;
			sourceTree = BUILT_PRODUCTS_DIR;
		};
		F61D19981AA33A16004FD77D /* libCBLJSViewCompiler.a */ = {
			isa = PBXReferenceProxy;
			fileType = archive.ar;
			path = libCBLJSViewCompiler.a;
			remoteRef = F61D19971AA33A16004FD77D /* PBXContainerItemProxy */;
			sourceTree = BUILT_PRODUCTS_DIR;
		};
		F61D199A1AA33A16004FD77D /* CBL iOS Unit Tests.xctest */ = {
			isa = PBXReferenceProxy;
			fileType = wrapper.cfbundle;
			path = "CBL iOS Unit Tests.xctest";
			remoteRef = F61D19991AA33A16004FD77D /* PBXContainerItemProxy */;
			sourceTree = BUILT_PRODUCTS_DIR;
		};
		F61D199C1AA33A16004FD77D /* CBL Mac Unit Tests.xctest */ = {
			isa = PBXReferenceProxy;
			fileType = wrapper.cfbundle;
			path = "CBL Mac Unit Tests.xctest";
			remoteRef = F61D199B1AA33A16004FD77D /* PBXContainerItemProxy */;
			sourceTree = BUILT_PRODUCTS_DIR;
		};
		F61D199E1AA33A16004FD77D /* libCBLSQLiteStorage.a */ = {
			isa = PBXReferenceProxy;
			fileType = archive.ar;
			path = libCBLSQLiteStorage.a;
			remoteRef = F61D199D1AA33A16004FD77D /* PBXContainerItemProxy */;
			sourceTree = BUILT_PRODUCTS_DIR;
		};
		F61D19A01AA33A16004FD77D /* libCBLForestDBStorage.a */ = {
			isa = PBXReferenceProxy;
			fileType = archive.ar;
			path = libCBLForestDBStorage.a;
			remoteRef = F61D199F1AA33A16004FD77D /* PBXContainerItemProxy */;
			sourceTree = BUILT_PRODUCTS_DIR;
		};
/* End PBXReferenceProxy section */

/* Begin PBXResourcesBuildPhase section */
		33588DDC6BC012423FD39EAB /* Resources */ = {
			isa = PBXResourcesBuildPhase;
			buildActionMask = 2147483647;
			files = (
				F61D18CA1AA32493004FD77D /* Main.storyboard in Resources */,
				F61D18C41AA32493004FD77D /* Images-iOS.xcassets in Resources */,
				F61D18C61AA32493004FD77D /* LaunchScreen.xib in Resources */,
			);
			runOnlyForDeploymentPostprocessing = 0;
		};
		F61D187D1AA32044004FD77D /* Resources */ = {
			isa = PBXResourcesBuildPhase;
			buildActionMask = 2147483647;
			files = (
				F61D18F91AA32A8A004FD77D /* Main.storyboard in Resources */,
				F61D18F41AA32A8A004FD77D /* Images-OSX.xcassets in Resources */,
			);
			runOnlyForDeploymentPostprocessing = 0;
		};
/* End PBXResourcesBuildPhase section */

/* Begin PBXSourcesBuildPhase section */
		C7CA1EBF90D957F02679BBE0 /* Sources */ = {
			isa = PBXSourcesBuildPhase;
			buildActionMask = 2147483647;
			files = (
				F61D18D21AA32505004FD77D /* Task.swift in Sources */,
				F61D18BE1AA32493004FD77D /* DetailViewController.swift in Sources */,
				F61D19C71AA3C23F004FD77D /* PeerConnect.swift in Sources */,
				F61D18BD1AA32493004FD77D /* ApplicationController.swift in Sources */,
				F61D18BC1AA32493004FD77D /* AppDelegate.swift in Sources */,
			);
			runOnlyForDeploymentPostprocessing = 0;
		};
		F61D187B1AA32044004FD77D /* Sources */ = {
			isa = PBXSourcesBuildPhase;
			buildActionMask = 2147483647;
			files = (
				F61D18F01AA32A8A004FD77D /* ViewController.swift in Sources */,
				F61D18EF1AA32A8A004FD77D /* AppDelegate.swift in Sources */,
				F61D19C81AA3C23F004FD77D /* PeerConnect.swift in Sources */,
				F61D18D31AA32505004FD77D /* Task.swift in Sources */,
			);
			runOnlyForDeploymentPostprocessing = 0;
		};
/* End PBXSourcesBuildPhase section */

/* Begin PBXTargetDependency section */
		F61D19AE1AA33D47004FD77D /* PBXTargetDependency */ = {
			isa = PBXTargetDependency;
			name = "CBL iOS";
			targetProxy = F61D19AD1AA33D47004FD77D /* PBXContainerItemProxy */;
		};
		F61D19B91AA3490F004FD77D /* PBXTargetDependency */ = {
			isa = PBXTargetDependency;
			name = "CBL Mac";
			targetProxy = F61D19B81AA3490F004FD77D /* PBXContainerItemProxy */;
		};
/* End PBXTargetDependency section */

/* Begin XCBuildConfiguration section */
		545BF2B7681668893A13B6B1 /* Release */ = {
			isa = XCBuildConfiguration;
			buildSettings = {
				ALWAYS_SEARCH_USER_PATHS = NO;
				ASSETCATALOG_COMPILER_APPICON_NAME = AppIcon;
				ASSETCATALOG_COMPILER_LAUNCHIMAGE_NAME = LaunchImage;
				CLANG_ENABLE_MODULES = YES;
				CODE_SIGN_IDENTITY = "iPhone Developer";
				COPY_PHASE_STRIP = YES;
				DSTROOT = /tmp/xcodeproj.dst;
				GCC_PRECOMPILE_PREFIX_HEADER = YES;
				HEADER_SEARCH_PATHS = (
					"$(inherited)",
					"/Applications/Xcode-beta.app/Contents/Developer/Toolchains/XcodeDefault.xctoolchain/usr/include",
				);
				INFOPLIST_FILE = "$(SRCROOT)/Allan iOS/Resources/Other-Sources/Info.plist";
				INSTALL_PATH = "$(BUILT_PRODUCTS_DIR)";
				LD_RUNPATH_SEARCH_PATHS = "$(inherited) @executable_path/Frameworks";
				OTHER_CFLAGS = (
					"-DNS_BLOCK_ASSERTIONS=1",
					"$(inherited)",
				);
				OTHER_CPLUSPLUSFLAGS = (
					"-DNS_BLOCK_ASSERTIONS=1",
					"$(inherited)",
				);
				OTHER_LDFLAGS = "-ObjC";
				PRODUCT_NAME = "$(TARGET_NAME)";
				PUBLIC_HEADERS_FOLDER_PATH = "$(TARGET_NAME)";
				SDKROOT = iphoneos;
				SWIFT_OBJC_BRIDGING_HEADER = "Allan iOS/Resources/Other-Sources/Allan-Bridging-Header.h";
				VALIDATE_PRODUCT = YES;
			};
			name = Release;
		};
		C39338436AC5FE0AC15A56D5 /* Debug */ = {
			isa = XCBuildConfiguration;
			buildSettings = {
				ALWAYS_SEARCH_USER_PATHS = NO;
				ASSETCATALOG_COMPILER_APPICON_NAME = AppIcon;
				CLANG_CXX_LANGUAGE_STANDARD = "gnu++0x";
				CLANG_CXX_LIBRARY = "libc++";
				CLANG_ENABLE_MODULES = YES;
				CLANG_ENABLE_OBJC_ARC = YES;
				CLANG_WARN_BOOL_CONVERSION = YES;
				CLANG_WARN_CONSTANT_CONVERSION = YES;
				CLANG_WARN_DEPRECATED_OBJC_IMPLEMENTATIONS = YES;
				CLANG_WARN_DIRECT_OBJC_ISA_USAGE = YES;
				CLANG_WARN_EMPTY_BODY = YES;
				CLANG_WARN_ENUM_CONVERSION = YES;
				CLANG_WARN_IMPLICIT_SIGN_CONVERSION = YES;
				CLANG_WARN_INT_CONVERSION = YES;
				CLANG_WARN_OBJC_IMPLICIT_RETAIN_SELF = YES;
				CLANG_WARN_OBJC_ROOT_CLASS = YES;
				CLANG_WARN_SUSPICIOUS_IMPLICIT_CONVERSION = YES;
				"CODE_SIGN_IDENTITY[sdk=iphoneos*]" = "iPhone Developer";
				COPY_PHASE_STRIP = YES;
				GCC_C_LANGUAGE_STANDARD = gnu99;
				GCC_DYNAMIC_NO_PIC = NO;
				GCC_OPTIMIZATION_LEVEL = 0;
				GCC_PREPROCESSOR_DEFINITIONS = (
					"DEBUG=1",
					"$(inherited)",
				);
				GCC_SYMBOLS_PRIVATE_EXTERN = NO;
				GCC_WARN_64_TO_32_BIT_CONVERSION = YES;
				GCC_WARN_ABOUT_DEPRECATED_FUNCTIONS = YES;
				GCC_WARN_ABOUT_MISSING_FIELD_INITIALIZERS = YES;
				GCC_WARN_ABOUT_MISSING_NEWLINE = YES;
				GCC_WARN_ABOUT_RETURN_TYPE = YES;
				GCC_WARN_CHECK_SWITCH_STATEMENTS = YES;
				GCC_WARN_INITIALIZER_NOT_FULLY_BRACKETED = YES;
				GCC_WARN_MISSING_PARENTHESES = YES;
				GCC_WARN_SHADOW = YES;
				GCC_WARN_SIGN_COMPARE = YES;
				GCC_WARN_TYPECHECK_CALLS_TO_PRINTF = YES;
				GCC_WARN_UNDECLARED_SELECTOR = YES;
				GCC_WARN_UNINITIALIZED_AUTOS = YES;
				GCC_WARN_UNUSED_FUNCTION = YES;
				GCC_WARN_UNUSED_LABEL = YES;
				GCC_WARN_UNUSED_VALUE = YES;
				GCC_WARN_UNUSED_VARIABLE = YES;
				IPHONEOS_DEPLOYMENT_TARGET = 8.0;
				ONLY_ACTIVE_ARCH = YES;
				RUN_CLANG_STATIC_ANALYZER = YES;
				SDKROOT = iphoneos;
			};
			name = Debug;
		};
		DBCA294014703DC3484DA601 /* Debug */ = {
			isa = XCBuildConfiguration;
			buildSettings = {
				ALWAYS_SEARCH_USER_PATHS = NO;
				ASSETCATALOG_COMPILER_APPICON_NAME = AppIcon;
				ASSETCATALOG_COMPILER_LAUNCHIMAGE_NAME = LaunchImage;
				CLANG_ENABLE_MODULES = YES;
				CODE_SIGN_IDENTITY = "iPhone Developer";
				COPY_PHASE_STRIP = NO;
				DSTROOT = /tmp/xcodeproj.dst;
				GCC_DYNAMIC_NO_PIC = NO;
				GCC_OPTIMIZATION_LEVEL = 0;
				GCC_PRECOMPILE_PREFIX_HEADER = YES;
				GCC_PREPROCESSOR_DEFINITIONS = (
					"DEBUG=1",
					"$(inherited)",
				);
				GCC_SYMBOLS_PRIVATE_EXTERN = NO;
				HEADER_SEARCH_PATHS = (
					"$(inherited)",
					"/Applications/Xcode-beta.app/Contents/Developer/Toolchains/XcodeDefault.xctoolchain/usr/include",
				);
				INFOPLIST_FILE = "$(SRCROOT)/Allan iOS/Resources/Other-Sources/Info.plist";
				INSTALL_PATH = "$(BUILT_PRODUCTS_DIR)";
				LD_RUNPATH_SEARCH_PATHS = "$(inherited) @executable_path/Frameworks";
				OTHER_LDFLAGS = "-ObjC";
				PRODUCT_NAME = "$(TARGET_NAME)";
				PUBLIC_HEADERS_FOLDER_PATH = "$(TARGET_NAME)";
				SDKROOT = iphoneos;
				SWIFT_OBJC_BRIDGING_HEADER = "Allan iOS/Resources/Other-Sources/Allan-Bridging-Header.h";
				SWIFT_OPTIMIZATION_LEVEL = "-Onone";
			};
			name = Debug;
		};
		ECC2116992163B7D63556B87 /* Release */ = {
			isa = XCBuildConfiguration;
			buildSettings = {
				ALWAYS_SEARCH_USER_PATHS = NO;
				ASSETCATALOG_COMPILER_APPICON_NAME = AppIcon;
				CLANG_CXX_LANGUAGE_STANDARD = "gnu++0x";
				CLANG_CXX_LIBRARY = "libc++";
				CLANG_ENABLE_MODULES = YES;
				CLANG_ENABLE_OBJC_ARC = YES;
				CLANG_WARN_BOOL_CONVERSION = YES;
				CLANG_WARN_CONSTANT_CONVERSION = YES;
				CLANG_WARN_DEPRECATED_OBJC_IMPLEMENTATIONS = YES;
				CLANG_WARN_DIRECT_OBJC_ISA_USAGE = YES;
				CLANG_WARN_EMPTY_BODY = YES;
				CLANG_WARN_ENUM_CONVERSION = YES;
				CLANG_WARN_IMPLICIT_SIGN_CONVERSION = YES;
				CLANG_WARN_INT_CONVERSION = YES;
				CLANG_WARN_OBJC_IMPLICIT_RETAIN_SELF = YES;
				CLANG_WARN_OBJC_ROOT_CLASS = YES;
				CLANG_WARN_SUSPICIOUS_IMPLICIT_CONVERSION = YES;
				"CODE_SIGN_IDENTITY[sdk=iphoneos*]" = "iPhone Developer";
				COPY_PHASE_STRIP = NO;
				ENABLE_NS_ASSERTIONS = NO;
				GCC_C_LANGUAGE_STANDARD = gnu99;
				GCC_WARN_64_TO_32_BIT_CONVERSION = YES;
				GCC_WARN_ABOUT_DEPRECATED_FUNCTIONS = YES;
				GCC_WARN_ABOUT_MISSING_FIELD_INITIALIZERS = YES;
				GCC_WARN_ABOUT_MISSING_NEWLINE = YES;
				GCC_WARN_ABOUT_RETURN_TYPE = YES;
				GCC_WARN_CHECK_SWITCH_STATEMENTS = YES;
				GCC_WARN_INITIALIZER_NOT_FULLY_BRACKETED = YES;
				GCC_WARN_MISSING_PARENTHESES = YES;
				GCC_WARN_SHADOW = YES;
				GCC_WARN_SIGN_COMPARE = YES;
				GCC_WARN_TYPECHECK_CALLS_TO_PRINTF = YES;
				GCC_WARN_UNDECLARED_SELECTOR = YES;
				GCC_WARN_UNINITIALIZED_AUTOS = YES;
				GCC_WARN_UNUSED_FUNCTION = YES;
				GCC_WARN_UNUSED_LABEL = YES;
				GCC_WARN_UNUSED_VALUE = YES;
				GCC_WARN_UNUSED_VARIABLE = YES;
				IPHONEOS_DEPLOYMENT_TARGET = 8.0;
				RUN_CLANG_STATIC_ANALYZER = YES;
				SDKROOT = iphoneos;
				VALIDATE_PRODUCT = YES;
			};
			name = Release;
		};
		F61D18981AA32045004FD77D /* Debug */ = {
			isa = XCBuildConfiguration;
			buildSettings = {
				ASSETCATALOG_COMPILER_APPICON_NAME = AppIcon;
				CLANG_WARN_DIRECT_OBJC_ISA_USAGE = YES_ERROR;
				CLANG_WARN_OBJC_ROOT_CLASS = YES_ERROR;
				CLANG_WARN_UNREACHABLE_CODE = YES;
				CLANG_WARN__DUPLICATE_METHOD_MATCH = YES;
				COMBINE_HIDPI_IMAGES = YES;
				COPY_PHASE_STRIP = NO;
				DEBUG_INFORMATION_FORMAT = dwarf;
				ENABLE_STRICT_OBJC_MSGSEND = YES;
				GCC_NO_COMMON_BLOCKS = YES;
				GCC_PREPROCESSOR_DEFINITIONS = (
					"DEBUG=1",
					"$(inherited)",
				);
				GCC_WARN_ABOUT_RETURN_TYPE = YES_ERROR;
				GCC_WARN_UNINITIALIZED_AUTOS = YES_AGGRESSIVE;
				INFOPLIST_FILE = "$(SRCROOT)/Allan OSX/Resources/Other-Sources/Info.plist";
				LD_RUNPATH_SEARCH_PATHS = "$(inherited) @executable_path/../Frameworks";
				MACOSX_DEPLOYMENT_TARGET = 10.10;
				MTL_ENABLE_DEBUG_INFO = YES;
				PRODUCT_NAME = "$(TARGET_NAME)";
				SDKROOT = macosx;
				SWIFT_OBJC_BRIDGING_HEADER = "Allan OSX/Resources/Other-Sources/Allan-Bridging-Header.h";
				SWIFT_OPTIMIZATION_LEVEL = "-Onone";
			};
			name = Debug;
		};
		F61D18991AA32045004FD77D /* Release */ = {
			isa = XCBuildConfiguration;
			buildSettings = {
				ASSETCATALOG_COMPILER_APPICON_NAME = AppIcon;
				CLANG_WARN_DIRECT_OBJC_ISA_USAGE = YES_ERROR;
				CLANG_WARN_OBJC_ROOT_CLASS = YES_ERROR;
				CLANG_WARN_UNREACHABLE_CODE = YES;
				CLANG_WARN__DUPLICATE_METHOD_MATCH = YES;
				COMBINE_HIDPI_IMAGES = YES;
				DEBUG_INFORMATION_FORMAT = "dwarf-with-dsym";
				ENABLE_STRICT_OBJC_MSGSEND = YES;
				GCC_NO_COMMON_BLOCKS = YES;
				GCC_WARN_ABOUT_RETURN_TYPE = YES_ERROR;
				GCC_WARN_UNINITIALIZED_AUTOS = YES_AGGRESSIVE;
				INFOPLIST_FILE = "$(SRCROOT)/Allan OSX/Resources/Other-Sources/Info.plist";
				LD_RUNPATH_SEARCH_PATHS = "$(inherited) @executable_path/../Frameworks";
				MACOSX_DEPLOYMENT_TARGET = 10.10;
				MTL_ENABLE_DEBUG_INFO = NO;
				PRODUCT_NAME = "$(TARGET_NAME)";
				SDKROOT = macosx;
				SWIFT_OBJC_BRIDGING_HEADER = "Allan OSX/Resources/Other-Sources/Allan-Bridging-Header.h";
			};
			name = Release;
		};
/* End XCBuildConfiguration section */

/* Begin XCConfigurationList section */
		5DFEE5CEE21EEF821ADF1383 /* Build configuration list for PBXProject "Allan" */ = {
			isa = XCConfigurationList;
			buildConfigurations = (
				C39338436AC5FE0AC15A56D5 /* Debug */,
				ECC2116992163B7D63556B87 /* Release */,
			);
			defaultConfigurationIsVisible = 0;
			defaultConfigurationName = Release;
		};
		DC8CAAEF2CB84FBBC8ACF0C0 /* Build configuration list for PBXNativeTarget "Allan iOS" */ = {
			isa = XCConfigurationList;
			buildConfigurations = (
				545BF2B7681668893A13B6B1 /* Release */,
				DBCA294014703DC3484DA601 /* Debug */,
			);
			defaultConfigurationIsVisible = 0;
			defaultConfigurationName = Release;
		};
		F61D189C1AA32045004FD77D /* Build configuration list for PBXNativeTarget "Allan OSX" */ = {
			isa = XCConfigurationList;
			buildConfigurations = (
				F61D18981AA32045004FD77D /* Debug */,
				F61D18991AA32045004FD77D /* Release */,
			);
			defaultConfigurationIsVisible = 0;
			defaultConfigurationName = Release;
		};
/* End XCConfigurationList section */
	};
	rootObject = 95892F6CD7E769AC00F0F0BA /* Project object */;
}
